
Microsoft Visual Studio Solution File, Format Version 12.00
# Visual Studio Version 16
VisualStudioVersion = 16.0.31911.196
MinimumVisualStudioVersion = 10.0.40219.1
Project("{FAE04EC0-301F-11D3-BF4B-00C04F79EFBC}") = "mohasebe_kmm", "mohasebe_kmm\mohasebe_kmm.csproj", "{DA9032F6-4B27-46A9-814D-A2F20380D73C}"
EndProject
Global
	GlobalSection(SolutionConfigurationPlatforms) = preSolution
		Debug|Any CPU = Debug|Any CPU
		Release|Any CPU = Release|Any CPU
	EndGlobalSection
	GlobalSection(ProjectConfigurationPlatforms) = postSolution
		{DA9032F6-4B27-46A9-814D-A2F20380D73C}.Debug|Any CPU.ActiveCfg = Debug|Any CPU
		{DA9032F6-4B27-46A9-814D-A2F20380D73C}.Debug|Any CPU.Build.0 = Debug|Any CPU
		{DA9032F6-4B27-46A9-814D-A2F20380D73C}.Release|Any CPU.ActiveCfg = Release|Any CPU
		{DA9032F6-4B27-46A9-814D-A2F20380D73C}.Release|Any CPU.Build.0 = Release|Any CPU
	EndGlobalSection
	GlobalSection(SolutionProperties) = preSolution
		HideSolutionNode = FALSE
	EndGlobalSection
	GlobalSection(ExtensibilityGlobals) = postSolution
		SolutionGuid = {3E2DE8EA-86CA-4271-A4DB-2E19B5DDAD73}
	EndGlobalSection
EndGlobal
